// !$*UTF8*$!
{
	archiveVersion = 1;
	classes = {
	};
	objectVersion = 50;
	objects = {

/* Begin PBXBuildFile section */
		B41CB77B24587B2200BC8958 /* CreateNoteViewController.swift in Sources */ = {isa = PBXBuildFile; fileRef = B41CB77A24587B2200BC8958 /* CreateNoteViewController.swift */; };
		B41CB77F24587B8700BC8958 /* SpillTableViewCell.swift in Sources */ = {isa = PBXBuildFile; fileRef = B41CB77E24587B8700BC8958 /* SpillTableViewCell.swift */; };
		B41CB78124587C3C00BC8958 /* SpillTableViewController.swift in Sources */ = {isa = PBXBuildFile; fileRef = B41CB78024587C3C00BC8958 /* SpillTableViewController.swift */; };
		B41CB783245889F600BC8958 /* CreateNote.swift in Sources */ = {isa = PBXBuildFile; fileRef = B41CB782245889F600BC8958 /* CreateNote.swift */; };
		B48A97602459E3C100A4FE6C /* DetailViewController.swift in Sources */ = {isa = PBXBuildFile; fileRef = B48A975F2459E3C100A4FE6C /* DetailViewController.swift */; };
		B48FAE012457405200D4A3EE /* AppDelegate.swift in Sources */ = {isa = PBXBuildFile; fileRef = B48FAE002457405200D4A3EE /* AppDelegate.swift */; };
		B48FAE032457405200D4A3EE /* SceneDelegate.swift in Sources */ = {isa = PBXBuildFile; fileRef = B48FAE022457405200D4A3EE /* SceneDelegate.swift */; };
		B48FAE082457405200D4A3EE /* Main.storyboard in Resources */ = {isa = PBXBuildFile; fileRef = B48FAE062457405200D4A3EE /* Main.storyboard */; };
		B48FAE0A2457405400D4A3EE /* Assets.xcassets in Resources */ = {isa = PBXBuildFile; fileRef = B48FAE092457405400D4A3EE /* Assets.xcassets */; };
		B48FAE0D2457405400D4A3EE /* LaunchScreen.storyboard in Resources */ = {isa = PBXBuildFile; fileRef = B48FAE0B2457405400D4A3EE /* LaunchScreen.storyboard */; };
		B496EB3C245A429F00CDD5D9 /* CreateModel.swift in Sources */ = {isa = PBXBuildFile; fileRef = B496EB3B245A429F00CDD5D9 /* CreateModel.swift */; };
/* End PBXBuildFile section */

/* Begin PBXFileReference section */
		B41CB77A24587B2200BC8958 /* CreateNoteViewController.swift */ = {isa = PBXFileReference; lastKnownFileType = sourcecode.swift; path = CreateNoteViewController.swift; sourceTree = "<group>"; };
		B41CB77E24587B8700BC8958 /* SpillTableViewCell.swift */ = {isa = PBXFileReference; lastKnownFileType = sourcecode.swift; path = SpillTableViewCell.swift; sourceTree = "<group>"; };
		B41CB78024587C3C00BC8958 /* SpillTableViewController.swift */ = {isa = PBXFileReference; lastKnownFileType = sourcecode.swift; path = SpillTableViewController.swift; sourceTree = "<group>"; };
		B41CB782245889F600BC8958 /* CreateNote.swift */ = {isa = PBXFileReference; lastKnownFileType = sourcecode.swift; path = CreateNote.swift; sourceTree = "<group>"; };
		B48A975F2459E3C100A4FE6C /* DetailViewController.swift */ = {isa = PBXFileReference; lastKnownFileType = sourcecode.swift; path = DetailViewController.swift; sourceTree = "<group>"; };
		B48FADFD2457405200D4A3EE /* CreateDaily.app */ = {isa = PBXFileReference; explicitFileType = wrapper.application; includeInIndex = 0; path = CreateDaily.app; sourceTree = BUILT_PRODUCTS_DIR; };
		B48FAE002457405200D4A3EE /* AppDelegate.swift */ = {isa = PBXFileReference; lastKnownFileType = sourcecode.swift; path = AppDelegate.swift; sourceTree = "<group>"; };
		B48FAE022457405200D4A3EE /* SceneDelegate.swift */ = {isa = PBXFileReference; lastKnownFileType = sourcecode.swift; path = SceneDelegate.swift; sourceTree = "<group>"; };
		B48FAE072457405200D4A3EE /* Base */ = {isa = PBXFileReference; lastKnownFileType = file.storyboard; name = Base; path = Base.lproj/Main.storyboard; sourceTree = "<group>"; };
		B48FAE092457405400D4A3EE /* Assets.xcassets */ = {isa = PBXFileReference; lastKnownFileType = folder.assetcatalog; path = Assets.xcassets; sourceTree = "<group>"; };
		B48FAE0C2457405400D4A3EE /* Base */ = {isa = PBXFileReference; lastKnownFileType = file.storyboard; name = Base; path = Base.lproj/LaunchScreen.storyboard; sourceTree = "<group>"; };
		B48FAE0E2457405400D4A3EE /* Info.plist */ = {isa = PBXFileReference; lastKnownFileType = text.plist.xml; path = Info.plist; sourceTree = "<group>"; };
		B496EB3B245A429F00CDD5D9 /* CreateModel.swift */ = {isa = PBXFileReference; lastKnownFileType = sourcecode.swift; path = CreateModel.swift; sourceTree = "<group>"; };
/* End PBXFileReference section */

/* Begin PBXFrameworksBuildPhase section */
		B48FADFA2457405200D4A3EE /* Frameworks */ = {
			isa = PBXFrameworksBuildPhase;
			buildActionMask = 2147483647;
			files = (
			);
			runOnlyForDeploymentPostprocessing = 0;
		};
/* End PBXFrameworksBuildPhase section */

/* Begin PBXGroup section */
		B41CB7842458D96200BC8958 /* Resources */ = {
			isa = PBXGroup;
			children = (
				B48FAE002457405200D4A3EE /* AppDelegate.swift */,
				B48FAE022457405200D4A3EE /* SceneDelegate.swift */,
				B48FAE092457405400D4A3EE /* Assets.xcassets */,
			);
			path = Resources;
			sourceTree = "<group>";
		};
		B41CB7852458D97400BC8958 /* Storyboards */ = {
			isa = PBXGroup;
			children = (
				B41CB77E24587B8700BC8958 /* SpillTableViewCell.swift */,
				B48FAE062457405200D4A3EE /* Main.storyboard */,
				B48FAE0B2457405400D4A3EE /* LaunchScreen.storyboard */,
			);
			path = Storyboards;
			sourceTree = "<group>";
		};
		B41CB7862458D9A100BC8958 /* View Controllers */ = {
			isa = PBXGroup;
			children = (
				B41CB78024587C3C00BC8958 /* SpillTableViewController.swift */,
				B41CB77A24587B2200BC8958 /* CreateNoteViewController.swift */,
				B48A975F2459E3C100A4FE6C /* DetailViewController.swift */,
				B496EB3D245A455900CDD5D9 /* Models */,
				B41CB7842458D96200BC8958 /* Resources */,
			);
			path = "View Controllers";
			sourceTree = "<group>";
		};
		B48FADF42457405200D4A3EE = {
			isa = PBXGroup;
			children = (
				B48FADFF2457405200D4A3EE /* CreateDaily */,
				B48FADFE2457405200D4A3EE /* Products */,
			);
			sourceTree = "<group>";
		};
		B48FADFE2457405200D4A3EE /* Products */ = {
			isa = PBXGroup;
			children = (
				B48FADFD2457405200D4A3EE /* CreateDaily.app */,
			);
			name = Products;
			sourceTree = "<group>";
		};
		B48FADFF2457405200D4A3EE /* CreateDaily */ = {
			isa = PBXGroup;
			children = (
				B41CB7852458D97400BC8958 /* Storyboards */,
				B41CB7862458D9A100BC8958 /* View Controllers */,
				B48FAE0E2457405400D4A3EE /* Info.plist */,
			);
			path = CreateDaily;
			sourceTree = "<group>";
		};
		B496EB3D245A455900CDD5D9 /* Models */ = {
			isa = PBXGroup;
			children = (
				B41CB782245889F600BC8958 /* CreateNote.swift */,
				B496EB3B245A429F00CDD5D9 /* CreateModel.swift */,
			);
			path = Models;
			sourceTree = "<group>";
		};
/* End PBXGroup section */

/* Begin PBXNativeTarget section */
		B48FADFC2457405200D4A3EE /* CreateDaily */ = {
			isa = PBXNativeTarget;
			buildConfigurationList = B48FAE112457405400D4A3EE /* Build configuration list for PBXNativeTarget "CreateDaily" */;
			buildPhases = (
				B48FADF92457405200D4A3EE /* Sources */,
				B48FADFA2457405200D4A3EE /* Frameworks */,
				B48FADFB2457405200D4A3EE /* Resources */,
			);
			buildRules = (
			);
			dependencies = (
			);
			name = CreateDaily;
			productName = CreateDaily;
			productReference = B48FADFD2457405200D4A3EE /* CreateDaily.app */;
			productType = "com.apple.product-type.application";
		};
/* End PBXNativeTarget section */

/* Begin PBXProject section */
		B48FADF52457405200D4A3EE /* Project object */ = {
			isa = PBXProject;
			attributes = {
				LastSwiftUpdateCheck = 1140;
				LastUpgradeCheck = 1140;
				ORGANIZATIONNAME = "Nonye Ezekwo";
				TargetAttributes = {
					B48FADFC2457405200D4A3EE = {
						CreatedOnToolsVersion = 11.4.1;
					};
				};
			};
			buildConfigurationList = B48FADF82457405200D4A3EE /* Build configuration list for PBXProject "CreateDaily" */;
			compatibilityVersion = "Xcode 9.3";
			developmentRegion = en;
			hasScannedForEncodings = 0;
			knownRegions = (
				en,
				Base,
			);
			mainGroup = B48FADF42457405200D4A3EE;
			productRefGroup = B48FADFE2457405200D4A3EE /* Products */;
			projectDirPath = "";
			projectRoot = "";
			targets = (
				B48FADFC2457405200D4A3EE /* CreateDaily */,
			);
		};
/* End PBXProject section */

/* Begin PBXResourcesBuildPhase section */
		B48FADFB2457405200D4A3EE /* Resources */ = {
			isa = PBXResourcesBuildPhase;
			buildActionMask = 2147483647;
			files = (
				B48FAE0D2457405400D4A3EE /* LaunchScreen.storyboard in Resources */,
				B48FAE0A2457405400D4A3EE /* Assets.xcassets in Resources */,
				B48FAE082457405200D4A3EE /* Main.storyboard in Resources */,
			);
			runOnlyForDeploymentPostprocessing = 0;
		};
/* End PBXResourcesBuildPhase section */

/* Begin PBXSourcesBuildPhase section */
		B48FADF92457405200D4A3EE /* Sources */ = {
			isa = PBXSourcesBuildPhase;
			buildActionMask = 2147483647;
			files = (
				B41CB77F24587B8700BC8958 /* SpillTableViewCell.swift in Sources */,
				B496EB3C245A429F00CDD5D9 /* CreateModel.swift in Sources */,
				B48FAE012457405200D4A3EE /* AppDelegate.swift in Sources */,
				B41CB783245889F600BC8958 /* CreateNote.swift in Sources */,
				B41CB77B24587B2200BC8958 /* CreateNoteViewController.swift in Sources */,
				B41CB78124587C3C00BC8958 /* SpillTableViewController.swift in Sources */,
				B48FAE032457405200D4A3EE /* SceneDelegate.swift in Sources */,
				B48A97602459E3C100A4FE6C /* DetailViewController.swift in Sources */,
			);
			runOnlyForDeploymentPostprocessing = 0;
		};
/* End PBXSourcesBuildPhase section */

/* Begin PBXVariantGroup section */
		B48FAE062457405200D4A3EE /* Main.storyboard */ = {
			isa = PBXVariantGroup;
			children = (
				B48FAE072457405200D4A3EE /* Base */,
			);
			name = Main.storyboard;
			sourceTree = "<group>";
		};
		B48FAE0B2457405400D4A3EE /* LaunchScreen.storyboard */ = {
			isa = PBXVariantGroup;
			children = (
				B48FAE0C2457405400D4A3EE /* Base */,
			);
			name = LaunchScreen.storyboard;
			sourceTree = "<group>";
		};
/* End PBXVariantGroup section */

/* Begin XCBuildConfiguration section */
		B48FAE0F2457405400D4A3EE /* Debug */ = {
			isa = XCBuildConfiguration;
			buildSettings = {
				ALWAYS_SEARCH_USER_PATHS = NO;
				CLANG_ANALYZER_NONNULL = YES;
				CLANG_ANALYZER_NUMBER_OBJECT_CONVERSION = YES_AGGRESSIVE;
				CLANG_CXX_LANGUAGE_STANDARD = "gnu++14";
				CLANG_CXX_LIBRARY = "libc++";
				CLANG_ENABLE_MODULES = YES;
				CLANG_ENABLE_OBJC_ARC = YES;
				CLANG_ENABLE_OBJC_WEAK = YES;
				CLANG_WARN_BLOCK_CAPTURE_AUTORELEASING = YES;
				CLANG_WARN_BOOL_CONVERSION = YES;
				CLANG_WARN_COMMA = YES;
				CLANG_WARN_CONSTANT_CONVERSION = YES;
				CLANG_WARN_DEPRECATED_OBJC_IMPLEMENTATIONS = YES;
				CLANG_WARN_DIRECT_OBJC_ISA_USAGE = YES_ERROR;
				CLANG_WARN_DOCUMENTATION_COMMENTS = YES;
				CLANG_WARN_EMPTY_BODY = YES;
				CLANG_WARN_ENUM_CONVERSION = YES;
				CLANG_WARN_INFINITE_RECURSION = YES;
				CLANG_WARN_INT_CONVERSION = YES;
				CLANG_WARN_NON_LITERAL_NULL_CONVERSION = YES;
				CLANG_WARN_OBJC_IMPLICIT_RETAIN_SELF = YES;
				CLANG_WARN_OBJC_LITERAL_CONVERSION = YES;
				CLANG_WARN_OBJC_ROOT_CLASS = YES_ERROR;
				CLANG_WARN_RANGE_LOOP_ANALYSIS = YES;
				CLANG_WARN_STRICT_PROTOTYPES = YES;
				CLANG_WARN_SUSPICIOUS_MOVE = YES;
				CLANG_WARN_UNGUARDED_AVAILABILITY = YES_AGGRESSIVE;
				CLANG_WARN_UNREACHABLE_CODE = YES;
				CLANG_WARN__DUPLICATE_METHOD_MATCH = YES;
				COPY_PHASE_STRIP = NO;
				DEBUG_INFORMATION_FORMAT = dwarf;
				ENABLE_STRICT_OBJC_MSGSEND = YES;
				ENABLE_TESTABILITY = YES;
				GCC_C_LANGUAGE_STANDARD = gnu11;
				GCC_DYNAMIC_NO_PIC = NO;
				GCC_NO_COMMON_BLOCKS = YES;
				GCC_OPTIMIZATION_LEVEL = 0;
				GCC_PREPROCESSOR_DEFINITIONS = (
					"DEBUG=1",
					"$(inherited)",
				);
				GCC_WARN_64_TO_32_BIT_CONVERSION = YES;
				GCC_WARN_ABOUT_RETURN_TYPE = YES_ERROR;
				GCC_WARN_UNDECLARED_SELECTOR = YES;
				GCC_WARN_UNINITIALIZED_AUTOS = YES_AGGRESSIVE;
				GCC_WARN_UNUSED_FUNCTION = YES;
				GCC_WARN_UNUSED_VARIABLE = YES;
				IPHONEOS_DEPLOYMENT_TARGET = 13.4;
				MTL_ENABLE_DEBUG_INFO = INCLUDE_SOURCE;
				MTL_FAST_MATH = YES;
				ONLY_ACTIVE_ARCH = YES;
				SDKROOT = iphoneos;
				SWIFT_ACTIVE_COMPILATION_CONDITIONS = DEBUG;
				SWIFT_OPTIMIZATION_LEVEL = "-Onone";
			};
			name = Debug;
		};
		B48FAE102457405400D4A3EE /* Release */ = {
			isa = XCBuildConfiguration;
			buildSettings = {
				ALWAYS_SEARCH_USER_PATHS = NO;
				CLANG_ANALYZER_NONNULL = YES;
				CLANG_ANALYZER_NUMBER_OBJECT_CONVERSION = YES_AGGRESSIVE;
				CLANG_CXX_LANGUAGE_STANDARD = "gnu++14";
				CLANG_CXX_LIBRARY = "libc++";
				CLANG_ENABLE_MODULES = YES;
				CLANG_ENABLE_OBJC_ARC = YES;
				CLANG_ENABLE_OBJC_WEAK = YES;
				CLANG_WARN_BLOCK_CAPTURE_AUTORELEASING = YES;
				CLANG_WARN_BOOL_CONVERSION = YES;
				CLANG_WARN_COMMA = YES;
				CLANG_WARN_CONSTANT_CONVERSION = YES;
				CLANG_WARN_DEPRECATED_OBJC_IMPLEMENTATIONS = YES;
				CLANG_WARN_DIRECT_OBJC_ISA_USAGE = YES_ERROR;
				CLANG_WARN_DOCUMENTATION_COMMENTS = YES;
				CLANG_WARN_EMPTY_BODY = YES;
				CLANG_WARN_ENUM_CONVERSION = YES;
				CLANG_WARN_INFINITE_RECURSION = YES;
				CLANG_WARN_INT_CONVERSION = YES;
				CLANG_WARN_NON_LITERAL_NULL_CONVERSION = YES;
				CLANG_WARN_OBJC_IMPLICIT_RETAIN_SELF = YES;
				CLANG_WARN_OBJC_LITERAL_CONVERSION = YES;
				CLANG_WARN_OBJC_ROOT_CLASS = YES_ERROR;
				CLANG_WARN_RANGE_LOOP_ANALYSIS = YES;
				CLANG_WARN_STRICT_PROTOTYPES = YES;
				CLANG_WARN_SUSPICIOUS_MOVE = YES;
				CLANG_WARN_UNGUARDED_AVAILABILITY = YES_AGGRESSIVE;
				CLANG_WARN_UNREACHABLE_CODE = YES;
				CLANG_WARN__DUPLICATE_METHOD_MATCH = YES;
				COPY_PHASE_STRIP = NO;
				DEBUG_INFORMATION_FORMAT = "dwarf-with-dsym";
				ENABLE_NS_ASSERTIONS = NO;
				ENABLE_STRICT_OBJC_MSGSEND = YES;
				GCC_C_LANGUAGE_STANDARD = gnu11;
				GCC_NO_COMMON_BLOCKS = YES;
				GCC_WARN_64_TO_32_BIT_CONVERSION = YES;
				GCC_WARN_ABOUT_RETURN_TYPE = YES_ERROR;
				GCC_WARN_UNDECLARED_SELECTOR = YES;
				GCC_WARN_UNINITIALIZED_AUTOS = YES_AGGRESSIVE;
				GCC_WARN_UNUSED_FUNCTION = YES;
				GCC_WARN_UNUSED_VARIABLE = YES;
				IPHONEOS_DEPLOYMENT_TARGET = 13.4;
				MTL_ENABLE_DEBUG_INFO = NO;
				MTL_FAST_MATH = YES;
				SDKROOT = iphoneos;
				SWIFT_COMPILATION_MODE = wholemodule;
				SWIFT_OPTIMIZATION_LEVEL = "-O";
				VALIDATE_PRODUCT = YES;
			};
			name = Release;
		};
		B48FAE122457405400D4A3EE /* Debug */ = {
			isa = XCBuildConfiguration;
			buildSettings = {
				ASSETCATALOG_COMPILER_APPICON_NAME = AppIcon;
				CODE_SIGN_STYLE = Automatic;
				DEVELOPMENT_TEAM = JKA99996Q5;
				INFOPLIST_FILE = CreateDaily/Info.plist;
				IPHONEOS_DEPLOYMENT_TARGET = 13.0;
				LD_RUNPATH_SEARCH_PATHS = (
					"$(inherited)",
					"@executable_path/Frameworks",
				);
				PRODUCT_BUNDLE_IDENTIFIER = com.nonye.CreateDaily;
				PRODUCT_NAME = "$(TARGET_NAME)";
				SWIFT_VERSION = 5.0;
				TARGETED_DEVICE_FAMILY = "1,2";
			};
			name = Debug;
		};
		B48FAE132457405400D4A3EE /* Release */ = {
			isa = XCBuildConfiguration;
			buildSettings = {
				ASSETCATALOG_COMPILER_APPICON_NAME = AppIcon;
				CODE_SIGN_STYLE = Automatic;
				DEVELOPMENT_TEAM = JKA99996Q5;
				INFOPLIST_FILE = CreateDaily/Info.plist;
				IPHONEOS_DEPLOYMENT_TARGET = 13.0;
				LD_RUNPATH_SEARCH_PATHS = (
					"$(inherited)",
					"@executable_path/Frameworks",
				);
				PRODUCT_BUNDLE_IDENTIFIER = com.nonye.CreateDaily;
				PRODUCT_NAME = "$(TARGET_NAME)";
				SWIFT_VERSION = 5.0;
				TARGETED_DEVICE_FAMILY = "1,2";
			};
			name = Release;
		};
/* End XCBuildConfiguration section */

/* Begin XCConfigurationList section */
		B48FADF82457405200D4A3EE /* Build configuration list for PBXProject "CreateDaily" */ = {
			isa = XCConfigurationList;
			buildConfigurations = (
				B48FAE0F2457405400D4A3EE /* Debug */,
				B48FAE102457405400D4A3EE /* Release */,
			);
			defaultConfigurationIsVisible = 0;
			defaultConfigurationName = Release;
		};
		B48FAE112457405400D4A3EE /* Build configuration list for PBXNativeTarget "CreateDaily" */ = {
			isa = XCConfigurationList;
			buildConfigurations = (
				B48FAE122457405400D4A3EE /* Debug */,
				B48FAE132457405400D4A3EE /* Release */,
			);
			defaultConfigurationIsVisible = 0;
			defaultConfigurationName = Release;
		};
/* End XCConfigurationList section */
	};
	rootObject = B48FADF52457405200D4A3EE /* Project object */;
}
